// !$*UTF8*$!
{
	archiveVersion = 1;
	classes = {
	};
	objectVersion = 46;
	objects = {

/* Begin PBXBuildFile section */
		7D3AEBEB3B95EEC70C0D12EE /* libPods.a in Frameworks */ = {isa = PBXBuildFile; fileRef = B6F974691D8065C8A2C7AE4D /* libPods.a */; };
		E4276FA61CB3495A0085F264 /* NSDate+MJ_Extension.m in Sources */ = {isa = PBXBuildFile; fileRef = E4276FA51CB3495A0085F264 /* NSDate+MJ_Extension.m */; };
		E4276FA91CB3A3C00085F264 /* NSString+MJ_DescribeTime.m in Sources */ = {isa = PBXBuildFile; fileRef = E4276FA81CB3A3C00085F264 /* NSString+MJ_DescribeTime.m */; };
		E4276FAC1CB3A4390085F264 /* DateFormatter.m in Sources */ = {isa = PBXBuildFile; fileRef = E4276FAB1CB3A4390085F264 /* DateFormatter.m */; };
		E4F8988B1CAA45C900F2C7DE /* main.m in Sources */ = {isa = PBXBuildFile; fileRef = E4F8988A1CAA45C900F2C7DE /* main.m */; };
		E4F8988E1CAA45C900F2C7DE /* AppDelegate.m in Sources */ = {isa = PBXBuildFile; fileRef = E4F8988D1CAA45C900F2C7DE /* AppDelegate.m */; };
		E4F898911CAA45C900F2C7DE /* ViewController.m in Sources */ = {isa = PBXBuildFile; fileRef = E4F898901CAA45C900F2C7DE /* ViewController.m */; };
		E4F898941CAA45C900F2C7DE /* Main.storyboard in Resources */ = {isa = PBXBuildFile; fileRef = E4F898921CAA45C900F2C7DE /* Main.storyboard */; };
		E4F898961CAA45C900F2C7DE /* Assets.xcassets in Resources */ = {isa = PBXBuildFile; fileRef = E4F898951CAA45C900F2C7DE /* Assets.xcassets */; };
		E4F898991CAA45C900F2C7DE /* LaunchScreen.storyboard in Resources */ = {isa = PBXBuildFile; fileRef = E4F898971CAA45C900F2C7DE /* LaunchScreen.storyboard */; };
		E4F898A41CAA45C900F2C7DE /* passwordGestureTests.m in Sources */ = {isa = PBXBuildFile; fileRef = E4F898A31CAA45C900F2C7DE /* passwordGestureTests.m */; };
		E4F898AF1CAA45C900F2C7DE /* passwordGestureUITests.m in Sources */ = {isa = PBXBuildFile; fileRef = E4F898AE1CAA45C900F2C7DE /* passwordGestureUITests.m */; };
		E4F898BE1CAA461400F2C7DE /* gestureView.m in Sources */ = {isa = PBXBuildFile; fileRef = E4F898BD1CAA461400F2C7DE /* gestureView.m */; };
/* End PBXBuildFile section */

/* Begin PBXContainerItemProxy section */
		E4F898A01CAA45C900F2C7DE /* PBXContainerItemProxy */ = {
			isa = PBXContainerItemProxy;
			containerPortal = E4F8987E1CAA45C800F2C7DE /* Project object */;
			proxyType = 1;
			remoteGlobalIDString = E4F898851CAA45C900F2C7DE;
			remoteInfo = passwordGesture;
		};
		E4F898AB1CAA45C900F2C7DE /* PBXContainerItemProxy */ = {
			isa = PBXContainerItemProxy;
			containerPortal = E4F8987E1CAA45C800F2C7DE /* Project object */;
			proxyType = 1;
			remoteGlobalIDString = E4F898851CAA45C900F2C7DE;
			remoteInfo = passwordGesture;
		};
/* End PBXContainerItemProxy section */

/* Begin PBXFileReference section */
		259293C177BF4C8579D8EB77 /* Pods.release.xcconfig */ = {isa = PBXFileReference; includeInIndex = 1; lastKnownFileType = text.xcconfig; name = Pods.release.xcconfig; path = "Pods/Target Support Files/Pods/Pods.release.xcconfig"; sourceTree = "<group>"; };
		4459BF4273BA26E300131C98 /* Pods.debug.xcconfig */ = {isa = PBXFileReference; includeInIndex = 1; lastKnownFileType = text.xcconfig; name = Pods.debug.xcconfig; path = "Pods/Target Support Files/Pods/Pods.debug.xcconfig"; sourceTree = "<group>"; };
		B6F974691D8065C8A2C7AE4D /* libPods.a */ = {isa = PBXFileReference; explicitFileType = archive.ar; includeInIndex = 0; path = libPods.a; sourceTree = BUILT_PRODUCTS_DIR; };
		E4276FA41CB3495A0085F264 /* NSDate+MJ_Extension.h */ = {isa = PBXFileReference; fileEncoding = 4; lastKnownFileType = sourcecode.c.h; path = "NSDate+MJ_Extension.h"; sourceTree = "<group>"; };
		E4276FA51CB3495A0085F264 /* NSDate+MJ_Extension.m */ = {isa = PBXFileReference; fileEncoding = 4; lastKnownFileType = sourcecode.c.objc; path = "NSDate+MJ_Extension.m"; sourceTree = "<group>"; };
		E4276FA71CB3A3C00085F264 /* NSString+MJ_DescribeTime.h */ = {isa = PBXFileReference; fileEncoding = 4; lastKnownFileType = sourcecode.c.h; path = "NSString+MJ_DescribeTime.h"; sourceTree = "<group>"; };
		E4276FA81CB3A3C00085F264 /* NSString+MJ_DescribeTime.m */ = {isa = PBXFileReference; fileEncoding = 4; lastKnownFileType = sourcecode.c.objc; path = "NSString+MJ_DescribeTime.m"; sourceTree = "<group>"; };
		E4276FAA1CB3A4390085F264 /* DateFormatter.h */ = {isa = PBXFileReference; fileEncoding = 4; lastKnownFileType = sourcecode.c.h; path = DateFormatter.h; sourceTree = "<group>"; };
		E4276FAB1CB3A4390085F264 /* DateFormatter.m */ = {isa = PBXFileReference; fileEncoding = 4; lastKnownFileType = sourcecode.c.objc; path = DateFormatter.m; sourceTree = "<group>"; };
		E4F898861CAA45C900F2C7DE /* passwordGesture.app */ = {isa = PBXFileReference; explicitFileType = wrapper.application; includeInIndex = 0; path = passwordGesture.app; sourceTree = BUILT_PRODUCTS_DIR; };
		E4F8988A1CAA45C900F2C7DE /* main.m */ = {isa = PBXFileReference; lastKnownFileType = sourcecode.c.objc; path = main.m; sourceTree = "<group>"; };
		E4F8988C1CAA45C900F2C7DE /* AppDelegate.h */ = {isa = PBXFileReference; lastKnownFileType = sourcecode.c.h; path = AppDelegate.h; sourceTree = "<group>"; };
		E4F8988D1CAA45C900F2C7DE /* AppDelegate.m */ = {isa = PBXFileReference; lastKnownFileType = sourcecode.c.objc; path = AppDelegate.m; sourceTree = "<group>"; };
		E4F8988F1CAA45C900F2C7DE /* ViewController.h */ = {isa = PBXFileReference; lastKnownFileType = sourcecode.c.h; path = ViewController.h; sourceTree = "<group>"; };
		E4F898901CAA45C900F2C7DE /* ViewController.m */ = {isa = PBXFileReference; lastKnownFileType = sourcecode.c.objc; path = ViewController.m; sourceTree = "<group>"; };
		E4F898931CAA45C900F2C7DE /* Base */ = {isa = PBXFileReference; lastKnownFileType = file.storyboard; name = Base; path = Base.lproj/Main.storyboard; sourceTree = "<group>"; };
		E4F898951CAA45C900F2C7DE /* Assets.xcassets */ = {isa = PBXFileReference; lastKnownFileType = folder.assetcatalog; path = Assets.xcassets; sourceTree = "<group>"; };
		E4F898981CAA45C900F2C7DE /* Base */ = {isa = PBXFileReference; lastKnownFileType = file.storyboard; name = Base; path = Base.lproj/LaunchScreen.storyboard; sourceTree = "<group>"; };
		E4F8989A1CAA45C900F2C7DE /* Info.plist */ = {isa = PBXFileReference; lastKnownFileType = text.plist.xml; path = Info.plist; sourceTree = "<group>"; };
		E4F8989F1CAA45C900F2C7DE /* passwordGestureTests.xctest */ = {isa = PBXFileReference; explicitFileType = wrapper.cfbundle; includeInIndex = 0; path = passwordGestureTests.xctest; sourceTree = BUILT_PRODUCTS_DIR; };
		E4F898A31CAA45C900F2C7DE /* passwordGestureTests.m */ = {isa = PBXFileReference; lastKnownFileType = sourcecode.c.objc; path = passwordGestureTests.m; sourceTree = "<group>"; };
		E4F898A51CAA45C900F2C7DE /* Info.plist */ = {isa = PBXFileReference; lastKnownFileType = text.plist.xml; path = Info.plist; sourceTree = "<group>"; };
		E4F898AA1CAA45C900F2C7DE /* passwordGestureUITests.xctest */ = {isa = PBXFileReference; explicitFileType = wrapper.cfbundle; includeInIndex = 0; path = passwordGestureUITests.xctest; sourceTree = BUILT_PRODUCTS_DIR; };
		E4F898AE1CAA45C900F2C7DE /* passwordGestureUITests.m */ = {isa = PBXFileReference; lastKnownFileType = sourcecode.c.objc; path = passwordGestureUITests.m; sourceTree = "<group>"; };
		E4F898B01CAA45C900F2C7DE /* Info.plist */ = {isa = PBXFileReference; lastKnownFileType = text.plist.xml; path = Info.plist; sourceTree = "<group>"; };
		E4F898BC1CAA461400F2C7DE /* gestureView.h */ = {isa = PBXFileReference; fileEncoding = 4; lastKnownFileType = sourcecode.c.h; path = gestureView.h; sourceTree = "<group>"; };
		E4F898BD1CAA461400F2C7DE /* gestureView.m */ = {isa = PBXFileReference; fileEncoding = 4; lastKnownFileType = sourcecode.c.objc; path = gestureView.m; sourceTree = "<group>"; };
/* End PBXFileReference section */

/* Begin PBXFrameworksBuildPhase section */
		E4F898831CAA45C900F2C7DE /* Frameworks */ = {
			isa = PBXFrameworksBuildPhase;
			buildActionMask = 2147483647;
			files = (
				7D3AEBEB3B95EEC70C0D12EE /* libPods.a in Frameworks */,
			);
			runOnlyForDeploymentPostprocessing = 0;
		};
		E4F8989C1CAA45C900F2C7DE /* Frameworks */ = {
			isa = PBXFrameworksBuildPhase;
			buildActionMask = 2147483647;
			files = (
			);
			runOnlyForDeploymentPostprocessing = 0;
		};
		E4F898A71CAA45C900F2C7DE /* Frameworks */ = {
			isa = PBXFrameworksBuildPhase;
			buildActionMask = 2147483647;
			files = (
			);
			runOnlyForDeploymentPostprocessing = 0;
		};
/* End PBXFrameworksBuildPhase section */

/* Begin PBXGroup section */
		535C4B7DF14B5728EED3AF47 /* Pods */ = {
			isa = PBXGroup;
			children = (
				4459BF4273BA26E300131C98 /* Pods.debug.xcconfig */,
				259293C177BF4C8579D8EB77 /* Pods.release.xcconfig */,
			);
			name = Pods;
			sourceTree = "<group>";
		};
		D6F614E23584C7126DC2E67C /* Frameworks */ = {
			isa = PBXGroup;
			children = (
				B6F974691D8065C8A2C7AE4D /* libPods.a */,
			);
			name = Frameworks;
			sourceTree = "<group>";
		};
		E4F8987D1CAA45C800F2C7DE = {
			isa = PBXGroup;
			children = (
				E4F898881CAA45C900F2C7DE /* passwordGesture */,
				E4F898A21CAA45C900F2C7DE /* passwordGestureTests */,
				E4F898AD1CAA45C900F2C7DE /* passwordGestureUITests */,
				E4F898871CAA45C900F2C7DE /* Products */,
				535C4B7DF14B5728EED3AF47 /* Pods */,
				D6F614E23584C7126DC2E67C /* Frameworks */,
			);
			sourceTree = "<group>";
		};
		E4F898871CAA45C900F2C7DE /* Products */ = {
			isa = PBXGroup;
			children = (
				E4F898861CAA45C900F2C7DE /* passwordGesture.app */,
				E4F8989F1CAA45C900F2C7DE /* passwordGestureTests.xctest */,
				E4F898AA1CAA45C900F2C7DE /* passwordGestureUITests.xctest */,
			);
			name = Products;
			sourceTree = "<group>";
		};
		E4F898881CAA45C900F2C7DE /* passwordGesture */ = {
			isa = PBXGroup;
			children = (
				E4276FAA1CB3A4390085F264 /* DateFormatter.h */,
				E4276FAB1CB3A4390085F264 /* DateFormatter.m */,
				E4F8988C1CAA45C900F2C7DE /* AppDelegate.h */,
				E4F8988D1CAA45C900F2C7DE /* AppDelegate.m */,
				E4F8988F1CAA45C900F2C7DE /* ViewController.h */,
				E4F898901CAA45C900F2C7DE /* ViewController.m */,
				E4F898BC1CAA461400F2C7DE /* gestureView.h */,
				E4F898BD1CAA461400F2C7DE /* gestureView.m */,
				E4F898921CAA45C900F2C7DE /* Main.storyboard */,
				E4F898951CAA45C900F2C7DE /* Assets.xcassets */,
				E4F898971CAA45C900F2C7DE /* LaunchScreen.storyboard */,
				E4F8989A1CAA45C900F2C7DE /* Info.plist */,
				E4F898891CAA45C900F2C7DE /* Supporting Files */,
				E4276FA41CB3495A0085F264 /* NSDate+MJ_Extension.h */,
				E4276FA51CB3495A0085F264 /* NSDate+MJ_Extension.m */,
				E4276FA71CB3A3C00085F264 /* NSString+MJ_DescribeTime.h */,
				E4276FA81CB3A3C00085F264 /* NSString+MJ_DescribeTime.m */,
			);
			path = passwordGesture;
			sourceTree = "<group>";
		};
		E4F898891CAA45C900F2C7DE /* Supporting Files */ = {
			isa = PBXGroup;
			children = (
				E4F8988A1CAA45C900F2C7DE /* main.m */,
			);
			name = "Supporting Files";
			sourceTree = "<group>";
		};
		E4F898A21CAA45C900F2C7DE /* passwordGestureTests */ = {
			isa = PBXGroup;
			children = (
				E4F898A31CAA45C900F2C7DE /* passwordGestureTests.m */,
				E4F898A51CAA45C900F2C7DE /* Info.plist */,
			);
			path = passwordGestureTests;
			sourceTree = "<group>";
		};
		E4F898AD1CAA45C900F2C7DE /* passwordGestureUITests */ = {
			isa = PBXGroup;
			children = (
				E4F898AE1CAA45C900F2C7DE /* passwordGestureUITests.m */,
				E4F898B01CAA45C900F2C7DE /* Info.plist */,
			);
			path = passwordGestureUITests;
			sourceTree = "<group>";
		};
/* End PBXGroup section */

/* Begin PBXNativeTarget section */
		E4F898851CAA45C900F2C7DE /* passwordGesture */ = {
			isa = PBXNativeTarget;
			buildConfigurationList = E4F898B31CAA45C900F2C7DE /* Build configuration list for PBXNativeTarget "passwordGesture" */;
			buildPhases = (
				AAAE36408DE160CB074D5E46 /* Check Pods Manifest.lock */,
				E4F898821CAA45C900F2C7DE /* Sources */,
				E4F898831CAA45C900F2C7DE /* Frameworks */,
				E4F898841CAA45C900F2C7DE /* Resources */,
				E74E7F3F15E69639EA16BF80 /* Embed Pods Frameworks */,
				B1B7D6F9C83DC13336029A8D /* Copy Pods Resources */,
			);
			buildRules = (
			);
			dependencies = (
			);
			name = passwordGesture;
			productName = passwordGesture;
			productReference = E4F898861CAA45C900F2C7DE /* passwordGesture.app */;
			productType = "com.apple.product-type.application";
		};
		E4F8989E1CAA45C900F2C7DE /* passwordGestureTests */ = {
			isa = PBXNativeTarget;
			buildConfigurationList = E4F898B61CAA45C900F2C7DE /* Build configuration list for PBXNativeTarget "passwordGestureTests" */;
			buildPhases = (
				E4F8989B1CAA45C900F2C7DE /* Sources */,
				E4F8989C1CAA45C900F2C7DE /* Frameworks */,
				E4F8989D1CAA45C900F2C7DE /* Resources */,
			);
			buildRules = (
			);
			dependencies = (
				E4F898A11CAA45C900F2C7DE /* PBXTargetDependency */,
			);
			name = passwordGestureTests;
			productName = passwordGestureTests;
			productReference = E4F8989F1CAA45C900F2C7DE /* passwordGestureTests.xctest */;
			productType = "com.apple.product-type.bundle.unit-test";
		};
		E4F898A91CAA45C900F2C7DE /* passwordGestureUITests */ = {
			isa = PBXNativeTarget;
			buildConfigurationList = E4F898B91CAA45C900F2C7DE /* Build configuration list for PBXNativeTarget "passwordGestureUITests" */;
			buildPhases = (
				E4F898A61CAA45C900F2C7DE /* Sources */,
				E4F898A71CAA45C900F2C7DE /* Frameworks */,
				E4F898A81CAA45C900F2C7DE /* Resources */,
			);
			buildRules = (
			);
			dependencies = (
				E4F898AC1CAA45C900F2C7DE /* PBXTargetDependency */,
			);
			name = passwordGestureUITests;
			productName = passwordGestureUITests;
			productReference = E4F898AA1CAA45C900F2C7DE /* passwordGestureUITests.xctest */;
			productType = "com.apple.product-type.bundle.ui-testing";
		};
/* End PBXNativeTarget section */

/* Begin PBXProject section */
		E4F8987E1CAA45C800F2C7DE /* Project object */ = {
			isa = PBXProject;
			attributes = {
				LastUpgradeCheck = 0720;
				ORGANIZATIONNAME = zhangle.in.zmj;
				TargetAttributes = {
					E4F898851CAA45C900F2C7DE = {
						CreatedOnToolsVersion = 7.2.1;
					};
					E4F8989E1CAA45C900F2C7DE = {
						CreatedOnToolsVersion = 7.2.1;
						TestTargetID = E4F898851CAA45C900F2C7DE;
					};
					E4F898A91CAA45C900F2C7DE = {
						CreatedOnToolsVersion = 7.2.1;
						TestTargetID = E4F898851CAA45C900F2C7DE;
					};
				};
			};
			buildConfigurationList = E4F898811CAA45C800F2C7DE /* Build configuration list for PBXProject "passwordGesture" */;
			compatibilityVersion = "Xcode 3.2";
			developmentRegion = English;
			hasScannedForEncodings = 0;
			knownRegions = (
				en,
				Base,
			);
			mainGroup = E4F8987D1CAA45C800F2C7DE;
			productRefGroup = E4F898871CAA45C900F2C7DE /* Products */;
			projectDirPath = "";
			projectRoot = "";
			targets = (
				E4F898851CAA45C900F2C7DE /* passwordGesture */,
				E4F8989E1CAA45C900F2C7DE /* passwordGestureTests */,
				E4F898A91CAA45C900F2C7DE /* passwordGestureUITests */,
			);
		};
/* End PBXProject section */

/* Begin PBXResourcesBuildPhase section */
		E4F898841CAA45C900F2C7DE /* Resources */ = {
			isa = PBXResourcesBuildPhase;
			buildActionMask = 2147483647;
			files = (
				E4F898991CAA45C900F2C7DE /* LaunchScreen.storyboard in Resources */,
				E4F898961CAA45C900F2C7DE /* Assets.xcassets in Resources */,
				E4F898941CAA45C900F2C7DE /* Main.storyboard in Resources */,
			);
			runOnlyForDeploymentPostprocessing = 0;
		};
		E4F8989D1CAA45C900F2C7DE /* Resources */ = {
			isa = PBXResourcesBuildPhase;
			buildActionMask = 2147483647;
			files = (
			);
			runOnlyForDeploymentPostprocessing = 0;
		};
		E4F898A81CAA45C900F2C7DE /* Resources */ = {
			isa = PBXResourcesBuildPhase;
			buildActionMask = 2147483647;
			files = (
			);
			runOnlyForDeploymentPostprocessing = 0;
		};
/* End PBXResourcesBuildPhase section */

/* Begin PBXShellScriptBuildPhase section */
		AAAE36408DE160CB074D5E46 /* Check Pods Manifest.lock */ = {
			isa = PBXShellScriptBuildPhase;
			buildActionMask = 2147483647;
			files = (
			);
			inputPaths = (
			);
			name = "Check Pods Manifest.lock";
			outputPaths = (
			);
			runOnlyForDeploymentPostprocessing = 0;
			shellPath = /bin/sh;
			shellScript = "diff \"${PODS_ROOT}/../Podfile.lock\" \"${PODS_ROOT}/Manifest.lock\" > /dev/null\nif [[ $? != 0 ]] ; then\n    cat << EOM\nerror: The sandbox is not in sync with the Podfile.lock. Run 'pod install' or update your CocoaPods installation.\nEOM\n    exit 1\nfi\n";
			showEnvVarsInLog = 0;
		};
		B1B7D6F9C83DC13336029A8D /* Copy Pods Resources */ = {
			isa = PBXShellScriptBuildPhase;
			buildActionMask = 2147483647;
			files = (
			);
			inputPaths = (
			);
			name = "Copy Pods Resources";
			outputPaths = (
			);
			runOnlyForDeploymentPostprocessing = 0;
			shellPath = /bin/sh;
			shellScript = "\"${SRCROOT}/Pods/Target Support Files/Pods/Pods-resources.sh\"\n";
			showEnvVarsInLog = 0;
		};
		E74E7F3F15E69639EA16BF80 /* Embed Pods Frameworks */ = {
			isa = PBXShellScriptBuildPhase;
			buildActionMask = 2147483647;
			files = (
			);
			inputPaths = (
			);
			name = "Embed Pods Frameworks";
			outputPaths = (
			);
			runOnlyForDeploymentPostprocessing = 0;
			shellPath = /bin/sh;
			shellScript = "\"${SRCROOT}/Pods/Target Support Files/Pods/Pods-frameworks.sh\"\n";
			showEnvVarsInLog = 0;
		};
/* End PBXShellScriptBuildPhase section */

/* Begin PBXSourcesBuildPhase section */
		E4F898821CAA45C900F2C7DE /* Sources */ = {
			isa = PBXSourcesBuildPhase;
			buildActionMask = 2147483647;
			files = (
				E4276FAC1CB3A4390085F264 /* DateFormatter.m in Sources */,
				E4F898911CAA45C900F2C7DE /* ViewController.m in Sources */,
				E4F8988E1CAA45C900F2C7DE /* AppDelegate.m in Sources */,
				E4276FA61CB3495A0085F264 /* NSDate+MJ_Extension.m in Sources */,
				E4F898BE1CAA461400F2C7DE /* gestureView.m in Sources */,
				E4276FA91CB3A3C00085F264 /* NSString+MJ_DescribeTime.m in Sources */,
				E4F8988B1CAA45C900F2C7DE /* main.m in Sources */,
			);
			runOnlyForDeploymentPostprocessing = 0;
		};
		E4F8989B1CAA45C900F2C7DE /* Sources */ = {
			isa = PBXSourcesBuildPhase;
			buildActionMask = 2147483647;
			files = (
				E4F898A41CAA45C900F2C7DE /* passwordGestureTests.m in Sources */,
			);
			runOnlyForDeploymentPostprocessing = 0;
		};
		E4F898A61CAA45C900F2C7DE /* Sources */ = {
			isa = PBXSourcesBuildPhase;
			buildActionMask = 2147483647;
			files = (
				E4F898AF1CAA45C900F2C7DE /* passwordGestureUITests.m in Sources */,
			);
			runOnlyForDeploymentPostprocessing = 0;
		};
/* End PBXSourcesBuildPhase section */

/* Begin PBXTargetDependency section */
		E4F898A11CAA45C900F2C7DE /* PBXTargetDependency */ = {
			isa = PBXTargetDependency;
			target = E4F898851CAA45C900F2C7DE /* passwordGesture */;
			targetProxy = E4F898A01CAA45C900F2C7DE /* PBXContainerItemProxy */;
		};
		E4F898AC1CAA45C900F2C7DE /* PBXTargetDependency */ = {
			isa = PBXTargetDependency;
			target = E4F898851CAA45C900F2C7DE /* passwordGesture */;
			targetProxy = E4F898AB1CAA45C900F2C7DE /* PBXContainerItemProxy */;
		};
/* End PBXTargetDependency section */

/* Begin PBXVariantGroup section */
		E4F898921CAA45C900F2C7DE /* Main.storyboard */ = {
			isa = PBXVariantGroup;
			children = (
				E4F898931CAA45C900F2C7DE /* Base */,
			);
			name = Main.storyboard;
			sourceTree = "<group>";
		};
		E4F898971CAA45C900F2C7DE /* LaunchScreen.storyboard */ = {
			isa = PBXVariantGroup;
			children = (
				E4F898981CAA45C900F2C7DE /* Base */,
			);
			name = LaunchScreen.storyboard;
			sourceTree = "<group>";
		};
/* End PBXVariantGroup section */

/* Begin XCBuildConfiguration section */
		E4F898B11CAA45C900F2C7DE /* Debug */ = {
			isa = XCBuildConfiguration;
			buildSettings = {
				ALWAYS_SEARCH_USER_PATHS = NO;
				CLANG_CXX_LANGUAGE_STANDARD = "gnu++0x";
				CLANG_CXX_LIBRARY = "libc++";
				CLANG_ENABLE_MODULES = YES;
				CLANG_ENABLE_OBJC_ARC = YES;
				CLANG_WARN_BOOL_CONVERSION = YES;
				CLANG_WARN_CONSTANT_CONVERSION = YES;
				CLANG_WARN_DIRECT_OBJC_ISA_USAGE = YES_ERROR;
				CLANG_WARN_EMPTY_BODY = YES;
				CLANG_WARN_ENUM_CONVERSION = YES;
				CLANG_WARN_INT_CONVERSION = YES;
				CLANG_WARN_OBJC_ROOT_CLASS = YES_ERROR;
				CLANG_WARN_UNREACHABLE_CODE = YES;
				CLANG_WARN__DUPLICATE_METHOD_MATCH = YES;
				"CODE_SIGN_IDENTITY[sdk=iphoneos*]" = "iPhone Developer";
				COPY_PHASE_STRIP = NO;
				DEBUG_INFORMATION_FORMAT = dwarf;
				ENABLE_STRICT_OBJC_MSGSEND = YES;
				ENABLE_TESTABILITY = YES;
				GCC_C_LANGUAGE_STANDARD = gnu99;
				GCC_DYNAMIC_NO_PIC = NO;
				GCC_NO_COMMON_BLOCKS = YES;
				GCC_OPTIMIZATION_LEVEL = 0;
				GCC_PREPROCESSOR_DEFINITIONS = (
					"DEBUG=1",
					"$(inherited)",
				);
				GCC_WARN_64_TO_32_BIT_CONVERSION = YES;
				GCC_WARN_ABOUT_RETURN_TYPE = YES_ERROR;
				GCC_WARN_UNDECLARED_SELECTOR = YES;
				GCC_WARN_UNINITIALIZED_AUTOS = YES_AGGRESSIVE;
				GCC_WARN_UNUSED_FUNCTION = YES;
				GCC_WARN_UNUSED_VARIABLE = YES;
				IPHONEOS_DEPLOYMENT_TARGET = 7.0;
				MTL_ENABLE_DEBUG_INFO = YES;
				ONLY_ACTIVE_ARCH = YES;
				SDKROOT = iphoneos;
				TARGETED_DEVICE_FAMILY = "1,2";
			};
			name = Debug;
		};
		E4F898B21CAA45C900F2C7DE /* Release */ = {
			isa = XCBuildConfiguration;
			buildSettings = {
				ALWAYS_SEARCH_USER_PATHS = NO;
				CLANG_CXX_LANGUAGE_STANDARD = "gnu++0x";
				CLANG_CXX_LIBRARY = "libc++";
				CLANG_ENABLE_MODULES = YES;
				CLANG_ENABLE_OBJC_ARC = YES;
				CLANG_WARN_BOOL_CONVERSION = YES;
				CLANG_WARN_CONSTANT_CONVERSION = YES;
				CLANG_WARN_DIRECT_OBJC_ISA_USAGE = YES_ERROR;
				CLANG_WARN_EMPTY_BODY = YES;
				CLANG_WARN_ENUM_CONVERSION = YES;
				CLANG_WARN_INT_CONVERSION = YES;
				CLANG_WARN_OBJC_ROOT_CLASS = YES_ERROR;
				CLANG_WARN_UNREACHABLE_CODE = YES;
				CLANG_WARN__DUPLICATE_METHOD_MATCH = YES;
				"CODE_SIGN_IDENTITY[sdk=iphoneos*]" = "iPhone Developer";
				COPY_PHASE_STRIP = NO;
				DEBUG_INFORMATION_FORMAT = "dwarf-with-dsym";
				ENABLE_NS_ASSERTIONS = NO;
				ENABLE_STRICT_OBJC_MSGSEND = YES;
				GCC_C_LANGUAGE_STANDARD = gnu99;
				GCC_NO_COMMON_BLOCKS = YES;
				GCC_WARN_64_TO_32_BIT_CONVERSION = YES;
				GCC_WARN_ABOUT_RETURN_TYPE = YES_ERROR;
				GCC_WARN_UNDECLARED_SELECTOR = YES;
				GCC_WARN_UNINITIALIZED_AUTOS = YES_AGGRESSIVE;
				GCC_WARN_UNUSED_FUNCTION = YES;
				GCC_WARN_UNUSED_VARIABLE = YES;
				IPHONEOS_DEPLOYMENT_TARGET = 7.0;
				MTL_ENABLE_DEBUG_INFO = NO;
				SDKROOT = iphoneos;
				TARGETED_DEVICE_FAMILY = "1,2";
				VALIDATE_PRODUCT = YES;
			};
			name = Release;
		};
		E4F898B41CAA45C900F2C7DE /* Debug */ = {
			isa = XCBuildConfiguration;
			baseConfigurationReference = 4459BF4273BA26E300131C98 /* Pods.debug.xcconfig */;
			buildSettings = {
				ASSETCATALOG_COMPILER_APPICON_NAME = AppIcon;
				INFOPLIST_FILE = passwordGesture/Info.plist;
				IPHONEOS_DEPLOYMENT_TARGET = 7.0;
				LD_RUNPATH_SEARCH_PATHS = "$(inherited) @executable_path/Frameworks";
				PRODUCT_BUNDLE_IDENTIFIER = zhangle.in.passwordGesture;
				PRODUCT_NAME = "$(TARGET_NAME)";
			};
			name = Debug;
		};
		E4F898B51CAA45C900F2C7DE /* Release */ = {
			isa = XCBuildConfiguration;
			baseConfigurationReference = 259293C177BF4C8579D8EB77 /* Pods.release.xcconfig */;
			buildSettings = {
				ASSETCATALOG_COMPILER_APPICON_NAME = AppIcon;
				INFOPLIST_FILE = passwordGesture/Info.plist;
				IPHONEOS_DEPLOYMENT_TARGET = 7.0;
				LD_RUNPATH_SEARCH_PATHS = "$(inherited) @executable_path/Frameworks";
				PRODUCT_BUNDLE_IDENTIFIER = zhangle.in.passwordGesture;
				PRODUCT_NAME = "$(TARGET_NAME)";
			};
			name = Release;
		};
		E4F898B71CAA45C900F2C7DE /* Debug */ = {
			isa = XCBuildConfiguration;
			buildSettings = {
				BUNDLE_LOADER = "$(TEST_HOST)";
				INFOPLIST_FILE = passwordGestureTests/Info.plist;
				LD_RUNPATH_SEARCH_PATHS = "$(inherited) @executable_path/Frameworks @loader_path/Frameworks";
				PRODUCT_BUNDLE_IDENTIFIER = zhangle.in.passwordGestureTests;
				PRODUCT_NAME = "$(TARGET_NAME)";
				TEST_HOST = "$(BUILT_PRODUCTS_DIR)/passwordGesture.app/passwordGesture";
			};
			name = Debug;
		};
		E4F898B81CAA45C900F2C7DE /* Release */ = {
			isa = XCBuildConfiguration;
			buildSettings = {
				BUNDLE_LOADER = "$(TEST_HOST)";
				INFOPLIST_FILE = passwordGestureTests/Info.plist;
				LD_RUNPATH_SEARCH_PATHS = "$(inherited) @executable_path/Frameworks @loader_path/Frameworks";
				PRODUCT_BUNDLE_IDENTIFIER = zhangle.in.passwordGestureTests;
				PRODUCT_NAME = "$(TARGET_NAME)";
				TEST_HOST = "$(BUILT_PRODUCTS_DIR)/passwordGesture.app/passwordGesture";
			};
			name = Release;
		};
		E4F898BA1CAA45C900F2C7DE /* Debug */ = {
			isa = XCBuildConfiguration;
			buildSettings = {
				INFOPLIST_FILE = passwordGestureUITests/Info.plist;
				LD_RUNPATH_SEARCH_PATHS = "$(inherited) @executable_path/Frameworks @loader_path/Frameworks";
				PRODUCT_BUNDLE_IDENTIFIER = zhangle.in.passwordGestureUITests;
				PRODUCT_NAME = "$(TARGET_NAME)";
				TEST_TARGET_NAME = passwordGesture;
				USES_XCTRUNNER = YES;
			};
			name = Debug;
		};
		E4F898BB1CAA45C900F2C7DE /* Release */ = {
			isa = XCBuildConfiguration;
			buildSettings = {
				INFOPLIST_FILE = passwordGestureUITests/Info.plist;
				LD_RUNPATH_SEARCH_PATHS = "$(inherited) @executable_path/Frameworks @loader_path/Frameworks";
				PRODUCT_BUNDLE_IDENTIFIER = zhangle.in.passwordGestureUITests;
				PRODUCT_NAME = "$(TARGET_NAME)";
				TEST_TARGET_NAME = passwordGesture;
				USES_XCTRUNNER = YES;
			};
			name = Release;
		};
/* End XCBuildConfiguration section */

/* Begin XCConfigurationList section */
		E4F898811CAA45C800F2C7DE /* Build configuration list for PBXProject "passwordGesture" */ = {
			isa = XCConfigurationList;
			buildConfigurations = (
				E4F898B11CAA45C900F2C7DE /* Debug */,
				E4F898B21CAA45C900F2C7DE /* Release */,
			);
			defaultConfigurationIsVisible = 0;
			defaultConfigurationName = Release;
		};
		E4F898B31CAA45C900F2C7DE /* Build configuration list for PBXNativeTarget "passwordGesture" */ = {
			isa = XCConfigurationList;
			buildConfigurations = (
				E4F898B41CAA45C900F2C7DE /* Debug */,
				E4F898B51CAA45C900F2C7DE /* Release */,
			);
			defaultConfigurationIsVisible = 0;
			defaultConfigurationName = Release;
		};
		E4F898B61CAA45C900F2C7DE /* Build configuration list for PBXNativeTarget "passwordGestureTests" */ = {
			isa = XCConfigurationList;
			buildConfigurations = (
				E4F898B71CAA45C900F2C7DE /* Debug */,
				E4F898B81CAA45C900F2C7DE /* Release */,
			);
			defaultConfigurationIsVisible = 0;
			defaultConfigurationName = Release;
		};
		E4F898B91CAA45C900F2C7DE /* Build configuration list for PBXNativeTarget "passwordGestureUITests" */ = {
			isa = XCConfigurationList;
			buildConfigurations = (
				E4F898BA1CAA45C900F2C7DE /* Debug */,
				E4F898BB1CAA45C900F2C7DE /* Release */,
			);
			defaultConfigurationIsVisible = 0;
			defaultConfigurationName = Release;
		};
/* End XCConfigurationList section */
	};
	rootObject = E4F8987E1CAA45C800F2C7DE /* Project object */;
}
